// !$*UTF8*$!
{
	archiveVersion = 1;
	classes = {
	};
	objectVersion = 46;
	objects = {

/* Begin PBXBuildFile section */
		96A9080818D34E6400D2AD4B /* Foundation.framework in Frameworks */ = {isa = PBXBuildFile; fileRef = 96A9080718D34E6400D2AD4B /* Foundation.framework */; };
		96A9080A18D34E6400D2AD4B /* CoreGraphics.framework in Frameworks */ = {isa = PBXBuildFile; fileRef = 96A9080918D34E6400D2AD4B /* CoreGraphics.framework */; };
		96A9080C18D34E6400D2AD4B /* UIKit.framework in Frameworks */ = {isa = PBXBuildFile; fileRef = 96A9080B18D34E6400D2AD4B /* UIKit.framework */; };
		96A9081218D34E6400D2AD4B /* InfoPlist.strings in Resources */ = {isa = PBXBuildFile; fileRef = 96A9081018D34E6400D2AD4B /* InfoPlist.strings */; };
		96A9081418D34E6400D2AD4B /* main.m in Sources */ = {isa = PBXBuildFile; fileRef = 96A9081318D34E6400D2AD4B /* main.m */; };
		96A9081818D34E6500D2AD4B /* AppDelegate.m in Sources */ = {isa = PBXBuildFile; fileRef = 96A9081718D34E6500D2AD4B /* AppDelegate.m */; };
		96A9081B18D34E6500D2AD4B /* Main.storyboard in Resources */ = {isa = PBXBuildFile; fileRef = 96A9081918D34E6500D2AD4B /* Main.storyboard */; };
		96A9081E18D34E6500D2AD4B /* ViewController.m in Sources */ = {isa = PBXBuildFile; fileRef = 96A9081D18D34E6500D2AD4B /* ViewController.m */; };
		96A9082018D34E6500D2AD4B /* Images.xcassets in Resources */ = {isa = PBXBuildFile; fileRef = 96A9081F18D34E6500D2AD4B /* Images.xcassets */; };
		96A9083D18D34EE600D2AD4B /* CoreLocation.framework in Frameworks */ = {isa = PBXBuildFile; fileRef = 96A9083C18D34EE600D2AD4B /* CoreLocation.framework */; };
		96A9083F18D34EEB00D2AD4B /* MobileCoreServices.framework in Frameworks */ = {isa = PBXBuildFile; fileRef = 96A9083E18D34EEB00D2AD4B /* MobileCoreServices.framework */; };
		96A9084118D34EFF00D2AD4B /* MediaPlayer.framework in Frameworks */ = {isa = PBXBuildFile; fileRef = 96A9084018D34EFF00D2AD4B /* MediaPlayer.framework */; };
		96A9084418D35AB800D2AD4B /* MBProgressHUD.m in Sources */ = {isa = PBXBuildFile; fileRef = 96A9084318D35AB700D2AD4B /* MBProgressHUD.m */; };
		96A9085A18D3DBAE00D2AD4B /* AFHTTPClient.m in Sources */ = {isa = PBXBuildFile; fileRef = 96A9084818D3DBAE00D2AD4B /* AFHTTPClient.m */; };
		96A9085B18D3DBAE00D2AD4B /* AFHTTPRequestOperation.m in Sources */ = {isa = PBXBuildFile; fileRef = 96A9084A18D3DBAE00D2AD4B /* AFHTTPRequestOperation.m */; };
		96A9085C18D3DBAE00D2AD4B /* AFImageRequestOperation.m in Sources */ = {isa = PBXBuildFile; fileRef = 96A9084C18D3DBAE00D2AD4B /* AFImageRequestOperation.m */; };
		96A9085D18D3DBAE00D2AD4B /* AFJSONRequestOperation.m in Sources */ = {isa = PBXBuildFile; fileRef = 96A9084E18D3DBAE00D2AD4B /* AFJSONRequestOperation.m */; };
		96A9085E18D3DBAE00D2AD4B /* AFNetworkActivityIndicatorManager.m in Sources */ = {isa = PBXBuildFile; fileRef = 96A9085018D3DBAE00D2AD4B /* AFNetworkActivityIndicatorManager.m */; };
		96A9085F18D3DBAE00D2AD4B /* AFPropertyListRequestOperation.m in Sources */ = {isa = PBXBuildFile; fileRef = 96A9085318D3DBAE00D2AD4B /* AFPropertyListRequestOperation.m */; };
		96A9086018D3DBAE00D2AD4B /* AFURLConnectionOperation.m in Sources */ = {isa = PBXBuildFile; fileRef = 96A9085518D3DBAE00D2AD4B /* AFURLConnectionOperation.m */; };
		96A9086118D3DBAE00D2AD4B /* AFXMLRequestOperation.m in Sources */ = {isa = PBXBuildFile; fileRef = 96A9085718D3DBAE00D2AD4B /* AFXMLRequestOperation.m */; };
		96A9086218D3DBAE00D2AD4B /* UIImageView+AFNetworking.m in Sources */ = {isa = PBXBuildFile; fileRef = 96A9085918D3DBAE00D2AD4B /* UIImageView+AFNetworking.m */; };
		96A9086418D3DCC000D2AD4B /* SystemConfiguration.framework in Frameworks */ = {isa = PBXBuildFile; fileRef = 96A9086318D3DCC000D2AD4B /* SystemConfiguration.framework */; };
		96A9086618D3EAFA00D2AD4B /* CoreTelephony.framework in Frameworks */ = {isa = PBXBuildFile; fileRef = 96A9086518D3EAFA00D2AD4B /* CoreTelephony.framework */; };
		96A9086918D3F0E800D2AD4B /* SimDetials.m in Sources */ = {isa = PBXBuildFile; fileRef = 96A9086818D3F0E800D2AD4B /* SimDetials.m */; };
/* End PBXBuildFile section */

/* Begin PBXFileReference section */
		96A9080418D34E6400D2AD4B /* TaskA.app */ = {isa = PBXFileReference; explicitFileType = wrapper.application; includeInIndex = 0; path = TaskA.app; sourceTree = BUILT_PRODUCTS_DIR; };
		96A9080718D34E6400D2AD4B /* Foundation.framework */ = {isa = PBXFileReference; lastKnownFileType = wrapper.framework; name = Foundation.framework; path = System/Library/Frameworks/Foundation.framework; sourceTree = SDKROOT; };
		96A9080918D34E6400D2AD4B /* CoreGraphics.framework */ = {isa = PBXFileReference; lastKnownFileType = wrapper.framework; name = CoreGraphics.framework; path = System/Library/Frameworks/CoreGraphics.framework; sourceTree = SDKROOT; };
		96A9080B18D34E6400D2AD4B /* UIKit.framework */ = {isa = PBXFileReference; lastKnownFileType = wrapper.framework; name = UIKit.framework; path = System/Library/Frameworks/UIKit.framework; sourceTree = SDKROOT; };
		96A9080F18D34E6400D2AD4B /* TaskA-Info.plist */ = {isa = PBXFileReference; lastKnownFileType = text.plist.xml; path = "TaskA-Info.plist"; sourceTree = "<group>"; };
		96A9081118D34E6400D2AD4B /* en */ = {isa = PBXFileReference; lastKnownFileType = text.plist.strings; name = en; path = en.lproj/InfoPlist.strings; sourceTree = "<group>"; };
		96A9081318D34E6400D2AD4B /* main.m */ = {isa = PBXFileReference; lastKnownFileType = sourcecode.c.objc; path = main.m; sourceTree = "<group>"; };
		96A9081518D34E6500D2AD4B /* TaskA-Prefix.pch */ = {isa = PBXFileReference; lastKnownFileType = sourcecode.c.h; path = "TaskA-Prefix.pch"; sourceTree = "<group>"; };
		96A9081618D34E6500D2AD4B /* AppDelegate.h */ = {isa = PBXFileReference; lastKnownFileType = sourcecode.c.h; path = AppDelegate.h; sourceTree = "<group>"; };
		96A9081718D34E6500D2AD4B /* AppDelegate.m */ = {isa = PBXFileReference; lastKnownFileType = sourcecode.c.objc; path = AppDelegate.m; sourceTree = "<group>"; };
		96A9081A18D34E6500D2AD4B /* Base */ = {isa = PBXFileReference; lastKnownFileType = file.storyboard; name = Base; path = Base.lproj/Main.storyboard; sourceTree = "<group>"; };
		96A9081C18D34E6500D2AD4B /* ViewController.h */ = {isa = PBXFileReference; lastKnownFileType = sourcecode.c.h; path = ViewController.h; sourceTree = "<group>"; };
		96A9081D18D34E6500D2AD4B /* ViewController.m */ = {isa = PBXFileReference; lastKnownFileType = sourcecode.c.objc; path = ViewController.m; sourceTree = "<group>"; };
		96A9081F18D34E6500D2AD4B /* Images.xcassets */ = {isa = PBXFileReference; lastKnownFileType = folder.assetcatalog; path = Images.xcassets; sourceTree = "<group>"; };
		96A9082618D34E6500D2AD4B /* XCTest.framework */ = {isa = PBXFileReference; lastKnownFileType = wrapper.framework; name = XCTest.framework; path = Library/Frameworks/XCTest.framework; sourceTree = DEVELOPER_DIR; };
		96A9082E18D34E6500D2AD4B /* TaskATests-Info.plist */ = {isa = PBXFileReference; lastKnownFileType = text.plist.xml; path = "TaskATests-Info.plist"; sourceTree = "<group>"; };
		96A9083018D34E6500D2AD4B /* en */ = {isa = PBXFileReference; lastKnownFileType = text.plist.strings; name = en; path = en.lproj/InfoPlist.strings; sourceTree = "<group>"; };
		96A9083218D34E6500D2AD4B /* TaskATests.m */ = {isa = PBXFileReference; lastKnownFileType = sourcecode.c.objc; path = TaskATests.m; sourceTree = "<group>"; };
		96A9083C18D34EE600D2AD4B /* CoreLocation.framework */ = {isa = PBXFileReference; lastKnownFileType = wrapper.framework; name = CoreLocation.framework; path = System/Library/Frameworks/CoreLocation.framework; sourceTree = SDKROOT; };
		96A9083E18D34EEB00D2AD4B /* MobileCoreServices.framework */ = {isa = PBXFileReference; lastKnownFileType = wrapper.framework; name = MobileCoreServices.framework; path = System/Library/Frameworks/MobileCoreServices.framework; sourceTree = SDKROOT; };
		96A9084018D34EFF00D2AD4B /* MediaPlayer.framework */ = {isa = PBXFileReference; lastKnownFileType = wrapper.framework; name = MediaPlayer.framework; path = System/Library/Frameworks/MediaPlayer.framework; sourceTree = SDKROOT; };
		96A9084218D35AB700D2AD4B /* MBProgressHUD.h */ = {isa = PBXFileReference; fileEncoding = 4; lastKnownFileType = sourcecode.c.h; path = MBProgressHUD.h; sourceTree = "<group>"; };
		96A9084318D35AB700D2AD4B /* MBProgressHUD.m */ = {isa = PBXFileReference; fileEncoding = 4; lastKnownFileType = sourcecode.c.objc; path = MBProgressHUD.m; sourceTree = "<group>"; };
		96A9084518D35D2E00D2AD4B /* Invalid.gpx */ = {isa = PBXFileReference; lastKnownFileType = text; path = Invalid.gpx; sourceTree = "<group>"; };
		96A9084718D3DBAE00D2AD4B /* AFHTTPClient.h */ = {isa = PBXFileReference; fileEncoding = 4; lastKnownFileType = sourcecode.c.h; path = AFHTTPClient.h; sourceTree = "<group>"; };
		96A9084818D3DBAE00D2AD4B /* AFHTTPClient.m */ = {isa = PBXFileReference; fileEncoding = 4; lastKnownFileType = sourcecode.c.objc; path = AFHTTPClient.m; sourceTree = "<group>"; };
		96A9084918D3DBAE00D2AD4B /* AFHTTPRequestOperation.h */ = {isa = PBXFileReference; fileEncoding = 4; lastKnownFileType = sourcecode.c.h; path = AFHTTPRequestOperation.h; sourceTree = "<group>"; };
		96A9084A18D3DBAE00D2AD4B /* AFHTTPRequestOperation.m */ = {isa = PBXFileReference; fileEncoding = 4; lastKnownFileType = sourcecode.c.objc; path = AFHTTPRequestOperation.m; sourceTree = "<group>"; };
		96A9084B18D3DBAE00D2AD4B /* AFImageRequestOperation.h */ = {isa = PBXFileReference; fileEncoding = 4; lastKnownFileType = sourcecode.c.h; path = AFImageRequestOperation.h; sourceTree = "<group>"; };
		96A9084C18D3DBAE00D2AD4B /* AFImageRequestOperation.m */ = {isa = PBXFileReference; fileEncoding = 4; lastKnownFileType = sourcecode.c.objc; path = AFImageRequestOperation.m; sourceTree = "<group>"; };
		96A9084D18D3DBAE00D2AD4B /* AFJSONRequestOperation.h */ = {isa = PBXFileReference; fileEncoding = 4; lastKnownFileType = sourcecode.c.h; path = AFJSONRequestOperation.h; sourceTree = "<group>"; };
		96A9084E18D3DBAE00D2AD4B /* AFJSONRequestOperation.m */ = {isa = PBXFileReference; fileEncoding = 4; lastKnownFileType = sourcecode.c.objc; path = AFJSONRequestOperation.m; sourceTree = "<group>"; };
		96A9084F18D3DBAE00D2AD4B /* AFNetworkActivityIndicatorManager.h */ = {isa = PBXFileReference; fileEncoding = 4; lastKnownFileType = sourcecode.c.h; path = AFNetworkActivityIndicatorManager.h; sourceTree = "<group>"; };
		96A9085018D3DBAE00D2AD4B /* AFNetworkActivityIndicatorManager.m */ = {isa = PBXFileReference; fileEncoding = 4; lastKnownFileType = sourcecode.c.objc; path = AFNetworkActivityIndicatorManager.m; sourceTree = "<group>"; };
		96A9085118D3DBAE00D2AD4B /* AFNetworking.h */ = {isa = PBXFileReference; fileEncoding = 4; lastKnownFileType = sourcecode.c.h; path = AFNetworking.h; sourceTree = "<group>"; };
		96A9085218D3DBAE00D2AD4B /* AFPropertyListRequestOperation.h */ = {isa = PBXFileReference; fileEncoding = 4; lastKnownFileType = sourcecode.c.h; path = AFPropertyListRequestOperation.h; sourceTree = "<group>"; };
		96A9085318D3DBAE00D2AD4B /* AFPropertyListRequestOperation.m */ = {isa = PBXFileReference; fileEncoding = 4; lastKnownFileType = sourcecode.c.objc; path = AFPropertyListRequestOperation.m; sourceTree = "<group>"; };
		96A9085418D3DBAE00D2AD4B /* AFURLConnectionOperation.h */ = {isa = PBXFileReference; fileEncoding = 4; lastKnownFileType = sourcecode.c.h; path = AFURLConnectionOperation.h; sourceTree = "<group>"; };
		96A9085518D3DBAE00D2AD4B /* AFURLConnectionOperation.m */ = {isa = PBXFileReference; fileEncoding = 4; lastKnownFileType = sourcecode.c.objc; path = AFURLConnectionOperation.m; sourceTree = "<group>"; };
		96A9085618D3DBAE00D2AD4B /* AFXMLRequestOperation.h */ = {isa = PBXFileReference; fileEncoding = 4; lastKnownFileType = sourcecode.c.h; path = AFXMLRequestOperation.h; sourceTree = "<group>"; };
		96A9085718D3DBAE00D2AD4B /* AFXMLRequestOperation.m */ = {isa = PBXFileReference; fileEncoding = 4; lastKnownFileType = sourcecode.c.objc; path = AFXMLRequestOperation.m; sourceTree = "<group>"; };
		96A9085818D3DBAE00D2AD4B /* UIImageView+AFNetworking.h */ = {isa = PBXFileReference; fileEncoding = 4; lastKnownFileType = sourcecode.c.h; path = "UIImageView+AFNetworking.h"; sourceTree = "<group>"; };
		96A9085918D3DBAE00D2AD4B /* UIImageView+AFNetworking.m */ = {isa = PBXFileReference; fileEncoding = 4; lastKnownFileType = sourcecode.c.objc; path = "UIImageView+AFNetworking.m"; sourceTree = "<group>"; };
		96A9086318D3DCC000D2AD4B /* SystemConfiguration.framework */ = {isa = PBXFileReference; lastKnownFileType = wrapper.framework; name = SystemConfiguration.framework; path = System/Library/Frameworks/SystemConfiguration.framework; sourceTree = SDKROOT; };
		96A9086518D3EAFA00D2AD4B /* CoreTelephony.framework */ = {isa = PBXFileReference; lastKnownFileType = wrapper.framework; name = CoreTelephony.framework; path = System/Library/Frameworks/CoreTelephony.framework; sourceTree = SDKROOT; };
		96A9086718D3F0E800D2AD4B /* SimDetials.h */ = {isa = PBXFileReference; fileEncoding = 4; lastKnownFileType = sourcecode.c.h; path = SimDetials.h; sourceTree = "<group>"; };
		96A9086818D3F0E800D2AD4B /* SimDetials.m */ = {isa = PBXFileReference; fileEncoding = 4; lastKnownFileType = sourcecode.c.objc; path = SimDetials.m; sourceTree = "<group>"; };
/* End PBXFileReference section */

/* Begin PBXFrameworksBuildPhase section */
		96A9080118D34E6400D2AD4B /* Frameworks */ = {
			isa = PBXFrameworksBuildPhase;
			buildActionMask = 2147483647;
			files = (
				96A9086618D3EAFA00D2AD4B /* CoreTelephony.framework in Frameworks */,
				96A9083F18D34EEB00D2AD4B /* MobileCoreServices.framework in Frameworks */,
				96A9086418D3DCC000D2AD4B /* SystemConfiguration.framework in Frameworks */,
				96A9084118D34EFF00D2AD4B /* MediaPlayer.framework in Frameworks */,
				96A9083D18D34EE600D2AD4B /* CoreLocation.framework in Frameworks */,
				96A9080A18D34E6400D2AD4B /* CoreGraphics.framework in Frameworks */,
				96A9080C18D34E6400D2AD4B /* UIKit.framework in Frameworks */,
				96A9080818D34E6400D2AD4B /* Foundation.framework in Frameworks */,
			);
			runOnlyForDeploymentPostprocessing = 0;
		};
/* End PBXFrameworksBuildPhase section */

/* Begin PBXGroup section */
		96A907FB18D34E6400D2AD4B = {
			isa = PBXGroup;
			children = (
				96A9084518D35D2E00D2AD4B /* Invalid.gpx */,
				96A9080D18D34E6400D2AD4B /* TaskA */,
				96A9082C18D34E6500D2AD4B /* TaskATests */,
				96A9080618D34E6400D2AD4B /* Frameworks */,
				96A9080518D34E6400D2AD4B /* Products */,
			);
			sourceTree = "<group>";
		};
		96A9080518D34E6400D2AD4B /* Products */ = {
			isa = PBXGroup;
			children = (
				96A9080418D34E6400D2AD4B /* TaskA.app */,
			);
			name = Products;
			sourceTree = "<group>";
		};
		96A9080618D34E6400D2AD4B /* Frameworks */ = {
			isa = PBXGroup;
			children = (
				96A9086518D3EAFA00D2AD4B /* CoreTelephony.framework */,
				96A9086318D3DCC000D2AD4B /* SystemConfiguration.framework */,
				96A9084018D34EFF00D2AD4B /* MediaPlayer.framework */,
				96A9083E18D34EEB00D2AD4B /* MobileCoreServices.framework */,
				96A9083C18D34EE600D2AD4B /* CoreLocation.framework */,
				96A9080718D34E6400D2AD4B /* Foundation.framework */,
				96A9080918D34E6400D2AD4B /* CoreGraphics.framework */,
				96A9080B18D34E6400D2AD4B /* UIKit.framework */,
				96A9082618D34E6500D2AD4B /* XCTest.framework */,
			);
			name = Frameworks;
			sourceTree = "<group>";
		};
		96A9080D18D34E6400D2AD4B /* TaskA */ = {
			isa = PBXGroup;
			children = (
				96A9086B18D3F8EE00D2AD4B /* Parent Files */,
				96A9086A18D3F8D100D2AD4B /* MBProgressHUD */,
				96A9084618D3DB8500D2AD4B /* AFNetworking */,
				96A9081618D34E6500D2AD4B /* AppDelegate.h */,
				96A9081718D34E6500D2AD4B /* AppDelegate.m */,
				96A9081918D34E6500D2AD4B /* Main.storyboard */,
				96A9081C18D34E6500D2AD4B /* ViewController.h */,
				96A9081D18D34E6500D2AD4B /* ViewController.m */,
				96A9081F18D34E6500D2AD4B /* Images.xcassets */,
				96A9080E18D34E6400D2AD4B /* Supporting Files */,
			);
			path = TaskA;
			sourceTree = "<group>";
		};
		96A9080E18D34E6400D2AD4B /* Supporting Files */ = {
			isa = PBXGroup;
			children = (
				96A9080F18D34E6400D2AD4B /* TaskA-Info.plist */,
				96A9081018D34E6400D2AD4B /* InfoPlist.strings */,
				96A9081318D34E6400D2AD4B /* main.m */,
				96A9081518D34E6500D2AD4B /* TaskA-Prefix.pch */,
			);
			name = "Supporting Files";
			sourceTree = "<group>";
		};
		96A9082C18D34E6500D2AD4B /* TaskATests */ = {
			isa = PBXGroup;
			children = (
				96A9083218D34E6500D2AD4B /* TaskATests.m */,
				96A9082D18D34E6500D2AD4B /* Supporting Files */,
			);
			path = TaskATests;
			sourceTree = "<group>";
		};
		96A9082D18D34E6500D2AD4B /* Supporting Files */ = {
			isa = PBXGroup;
			children = (
				96A9082E18D34E6500D2AD4B /* TaskATests-Info.plist */,
				96A9082F18D34E6500D2AD4B /* InfoPlist.strings */,
			);
			name = "Supporting Files";
			sourceTree = "<group>";
		};
		96A9084618D3DB8500D2AD4B /* AFNetworking */ = {
			isa = PBXGroup;
			children = (
				96A9084718D3DBAE00D2AD4B /* AFHTTPClient.h */,
				96A9084818D3DBAE00D2AD4B /* AFHTTPClient.m */,
				96A9084918D3DBAE00D2AD4B /* AFHTTPRequestOperation.h */,
				96A9084A18D3DBAE00D2AD4B /* AFHTTPRequestOperation.m */,
				96A9084B18D3DBAE00D2AD4B /* AFImageRequestOperation.h */,
				96A9084C18D3DBAE00D2AD4B /* AFImageRequestOperation.m */,
				96A9084D18D3DBAE00D2AD4B /* AFJSONRequestOperation.h */,
				96A9084E18D3DBAE00D2AD4B /* AFJSONRequestOperation.m */,
				96A9084F18D3DBAE00D2AD4B /* AFNetworkActivityIndicatorManager.h */,
				96A9085018D3DBAE00D2AD4B /* AFNetworkActivityIndicatorManager.m */,
				96A9085118D3DBAE00D2AD4B /* AFNetworking.h */,
				96A9085218D3DBAE00D2AD4B /* AFPropertyListRequestOperation.h */,
				96A9085318D3DBAE00D2AD4B /* AFPropertyListRequestOperation.m */,
				96A9085418D3DBAE00D2AD4B /* AFURLConnectionOperation.h */,
				96A9085518D3DBAE00D2AD4B /* AFURLConnectionOperation.m */,
				96A9085618D3DBAE00D2AD4B /* AFXMLRequestOperation.h */,
				96A9085718D3DBAE00D2AD4B /* AFXMLRequestOperation.m */,
				96A9085818D3DBAE00D2AD4B /* UIImageView+AFNetworking.h */,
				96A9085918D3DBAE00D2AD4B /* UIImageView+AFNetworking.m */,
			);
			name = AFNetworking;
			sourceTree = "<group>";
		};
		96A9086A18D3F8D100D2AD4B /* MBProgressHUD */ = {
			isa = PBXGroup;
			children = (
				96A9084218D35AB700D2AD4B /* MBProgressHUD.h */,
				96A9084318D35AB700D2AD4B /* MBProgressHUD.m */,
			);
			name = MBProgressHUD;
			sourceTree = "<group>";
		};
		96A9086B18D3F8EE00D2AD4B /* Parent Files */ = {
			isa = PBXGroup;
			children = (
				96A9086718D3F0E800D2AD4B /* SimDetials.h */,
				96A9086818D3F0E800D2AD4B /* SimDetials.m */,
			);
			name = "Parent Files";
			sourceTree = "<group>";
		};
/* End PBXGroup section */

/* Begin PBXNativeTarget section */
		96A9080318D34E6400D2AD4B /* TaskA */ = {
			isa = PBXNativeTarget;
			buildConfigurationList = 96A9083618D34E6500D2AD4B /* Build configuration list for PBXNativeTarget "TaskA" */;
			buildPhases = (
				96A9080018D34E6400D2AD4B /* Sources */,
				96A9080118D34E6400D2AD4B /* Frameworks */,
				96A9080218D34E6400D2AD4B /* Resources */,
			);
			buildRules = (
			);
			dependencies = (
			);
			name = TaskA;
			productName = TaskA;
			productReference = 96A9080418D34E6400D2AD4B /* TaskA.app */;
			productType = "com.apple.product-type.application";
		};
/* End PBXNativeTarget section */

/* Begin PBXProject section */
		96A907FC18D34E6400D2AD4B /* Project object */ = {
			isa = PBXProject;
			attributes = {
				LastUpgradeCheck = 0500;
				ORGANIZATIONNAME = "Zahur Ghotlawala";
			};
			buildConfigurationList = 96A907FF18D34E6400D2AD4B /* Build configuration list for PBXProject "TaskA" */;
			compatibilityVersion = "Xcode 3.2";
			developmentRegion = English;
			hasScannedForEncodings = 0;
			knownRegions = (
				en,
				Base,
			);
			mainGroup = 96A907FB18D34E6400D2AD4B;
			productRefGroup = 96A9080518D34E6400D2AD4B /* Products */;
			projectDirPath = "";
			projectRoot = "";
			targets = (
				96A9080318D34E6400D2AD4B /* TaskA */,
			);
		};
/* End PBXProject section */

/* Begin PBXResourcesBuildPhase section */
		96A9080218D34E6400D2AD4B /* Resources */ = {
			isa = PBXResourcesBuildPhase;
			buildActionMask = 2147483647;
			files = (
				96A9082018D34E6500D2AD4B /* Images.xcassets in Resources */,
				96A9081218D34E6400D2AD4B /* InfoPlist.strings in Resources */,
				96A9081B18D34E6500D2AD4B /* Main.storyboard in Resources */,
			);
			runOnlyForDeploymentPostprocessing = 0;
		};
/* End PBXResourcesBuildPhase section */

/* Begin PBXSourcesBuildPhase section */
		96A9080018D34E6400D2AD4B /* Sources */ = {
			isa = PBXSourcesBuildPhase;
			buildActionMask = 2147483647;
			files = (
				96A9086018D3DBAE00D2AD4B /* AFURLConnectionOperation.m in Sources */,
				96A9086218D3DBAE00D2AD4B /* UIImageView+AFNetworking.m in Sources */,
				96A9085C18D3DBAE00D2AD4B /* AFImageRequestOperation.m in Sources */,
				96A9085B18D3DBAE00D2AD4B /* AFHTTPRequestOperation.m in Sources */,
				96A9085A18D3DBAE00D2AD4B /* AFHTTPClient.m in Sources */,
				96A9086118D3DBAE00D2AD4B /* AFXMLRequestOperation.m in Sources */,
				96A9081E18D34E6500D2AD4B /* ViewController.m in Sources */,
				96A9081818D34E6500D2AD4B /* AppDelegate.m in Sources */,
				96A9081418D34E6400D2AD4B /* main.m in Sources */,
				96A9085D18D3DBAE00D2AD4B /* AFJSONRequestOperation.m in Sources */,
				96A9084418D35AB800D2AD4B /* MBProgressHUD.m in Sources */,
				96A9085F18D3DBAE00D2AD4B /* AFPropertyListRequestOperation.m in Sources */,
				96A9086918D3F0E800D2AD4B /* SimDetials.m in Sources */,
				96A9085E18D3DBAE00D2AD4B /* AFNetworkActivityIndicatorManager.m in Sources */,
			);
			runOnlyForDeploymentPostprocessing = 0;
		};
/* End PBXSourcesBuildPhase section */

/* Begin PBXVariantGroup section */
		96A9081018D34E6400D2AD4B /* InfoPlist.strings */ = {
			isa = PBXVariantGroup;
			children = (
				96A9081118D34E6400D2AD4B /* en */,
			);
			name = InfoPlist.strings;
			sourceTree = "<group>";
		};
		96A9081918D34E6500D2AD4B /* Main.storyboard */ = {
			isa = PBXVariantGroup;
			children = (
				96A9081A18D34E6500D2AD4B /* Base */,
			);
			name = Main.storyboard;
			sourceTree = "<group>";
		};
		96A9082F18D34E6500D2AD4B /* InfoPlist.strings */ = {
			isa = PBXVariantGroup;
			children = (
				96A9083018D34E6500D2AD4B /* en */,
			);
			name = InfoPlist.strings;
			sourceTree = "<group>";
		};
/* End PBXVariantGroup section */

/* Begin XCBuildConfiguration section */
		96A9083418D34E6500D2AD4B /* Debug */ = {
			isa = XCBuildConfiguration;
			buildSettings = {
				ALWAYS_SEARCH_USER_PATHS = NO;
				ARCHS = "$(ARCHS_STANDARD_INCLUDING_64_BIT)";
				CLANG_CXX_LANGUAGE_STANDARD = "gnu++0x";
				CLANG_CXX_LIBRARY = "libc++";
				CLANG_ENABLE_MODULES = YES;
				CLANG_ENABLE_OBJC_ARC = YES;
				CLANG_WARN_BOOL_CONVERSION = YES;
				CLANG_WARN_CONSTANT_CONVERSION = YES;
				CLANG_WARN_DIRECT_OBJC_ISA_USAGE = YES_ERROR;
				CLANG_WARN_EMPTY_BODY = YES;
				CLANG_WARN_ENUM_CONVERSION = YES;
				CLANG_WARN_INT_CONVERSION = YES;
				CLANG_WARN_OBJC_ROOT_CLASS = YES_ERROR;
				CLANG_WARN__DUPLICATE_METHOD_MATCH = YES;
				"CODE_SIGN_IDENTITY[sdk=iphoneos*]" = "iPhone Developer";
				COPY_PHASE_STRIP = NO;
				GCC_C_LANGUAGE_STANDARD = gnu99;
				GCC_DYNAMIC_NO_PIC = NO;
				GCC_OPTIMIZATION_LEVEL = 0;
				GCC_PREPROCESSOR_DEFINITIONS = (
					"DEBUG=1",
					"$(inherited)",
				);
				GCC_SYMBOLS_PRIVATE_EXTERN = NO;
				GCC_WARN_64_TO_32_BIT_CONVERSION = YES;
				GCC_WARN_ABOUT_RETURN_TYPE = YES_ERROR;
				GCC_WARN_UNDECLARED_SELECTOR = YES;
				GCC_WARN_UNINITIALIZED_AUTOS = YES;
				GCC_WARN_UNUSED_FUNCTION = YES;
				GCC_WARN_UNUSED_VARIABLE = YES;
				IPHONEOS_DEPLOYMENT_TARGET = 7.0;
				ONLY_ACTIVE_ARCH = YES;
				SDKROOT = iphoneos;
			};
			name = Debug;
		};
		96A9083518D34E6500D2AD4B /* Release */ = {
			isa = XCBuildConfiguration;
			buildSettings = {
				ALWAYS_SEARCH_USER_PATHS = NO;
				ARCHS = "$(ARCHS_STANDARD_INCLUDING_64_BIT)";
				CLANG_CXX_LANGUAGE_STANDARD = "gnu++0x";
				CLANG_CXX_LIBRARY = "libc++";
				CLANG_ENABLE_MODULES = YES;
				CLANG_ENABLE_OBJC_ARC = YES;
				CLANG_WARN_BOOL_CONVERSION = YES;
				CLANG_WARN_CONSTANT_CONVERSION = YES;
				CLANG_WARN_DIRECT_OBJC_ISA_USAGE = YES_ERROR;
				CLANG_WARN_EMPTY_BODY = YES;
				CLANG_WARN_ENUM_CONVERSION = YES;
				CLANG_WARN_INT_CONVERSION = YES;
				CLANG_WARN_OBJC_ROOT_CLASS = YES_ERROR;
				CLANG_WARN__DUPLICATE_METHOD_MATCH = YES;
				"CODE_SIGN_IDENTITY[sdk=iphoneos*]" = "iPhone Developer";
				COPY_PHASE_STRIP = YES;
				ENABLE_NS_ASSERTIONS = NO;
				GCC_C_LANGUAGE_STANDARD = gnu99;
				GCC_WARN_64_TO_32_BIT_CONVERSION = YES;
				GCC_WARN_ABOUT_RETURN_TYPE = YES_ERROR;
				GCC_WARN_UNDECLARED_SELECTOR = YES;
				GCC_WARN_UNINITIALIZED_AUTOS = YES;
				GCC_WARN_UNUSED_FUNCTION = YES;
				GCC_WARN_UNUSED_VARIABLE = YES;
				IPHONEOS_DEPLOYMENT_TARGET = 7.0;
				SDKROOT = iphoneos;
				VALIDATE_PRODUCT = YES;
			};
			name = Release;
		};
		96A9083718D34E6500D2AD4B /* Debug */ = {
			isa = XCBuildConfiguration;
			buildSettings = {
				ASSETCATALOG_COMPILER_APPICON_NAME = AppIcon;
				ASSETCATALOG_COMPILER_LAUNCHIMAGE_NAME = LaunchImage;
				GCC_PRECOMPILE_PREFIX_HEADER = YES;
				GCC_PREFIX_HEADER = "TaskA/TaskA-Prefix.pch";
				INFOPLIST_FILE = "TaskA/TaskA-Info.plist";
				PRODUCT_NAME = "$(TARGET_NAME)";
				WRAPPER_EXTENSION = app;
			};
			name = Debug;
		};
		96A9083818D34E6500D2AD4B /* Release */ = {
			isa = XCBuildConfiguration;
			buildSettings = {
				ASSETCATALOG_COMPILER_APPICON_NAME = AppIcon;
				ASSETCATALOG_COMPILER_LAUNCHIMAGE_NAME = LaunchImage;
				GCC_PRECOMPILE_PREFIX_HEADER = YES;
				GCC_PREFIX_HEADER = "TaskA/TaskA-Prefix.pch";
				INFOPLIST_FILE = "TaskA/TaskA-Info.plist";
				PRODUCT_NAME = "$(TARGET_NAME)";
				WRAPPER_EXTENSION = app;
			};
			name = Release;
		};
/* End XCBuildConfiguration section */

/* Begin XCConfigurationList section */
		96A907FF18D34E6400D2AD4B /* Build configuration list for PBXProject "TaskA" */ = {
			isa = XCConfigurationList;
			buildConfigurations = (
				96A9083418D34E6500D2AD4B /* Debug */,
				96A9083518D34E6500D2AD4B /* Release */,
			);
			defaultConfigurationIsVisible = 0;
			defaultConfigurationName = Release;
		};
		96A9083618D34E6500D2AD4B /* Build configuration list for PBXNativeTarget "TaskA" */ = {
			isa = XCConfigurationList;
			buildConfigurations = (
				96A9083718D34E6500D2AD4B /* Debug */,
				96A9083818D34E6500D2AD4B /* Release */,
			);
			defaultConfigurationIsVisible = 0;
			defaultConfigurationName = Release;
		};
/* End XCConfigurationList section */
	};
	rootObject = 96A907FC18D34E6400D2AD4B /* Project object */;
}
